# THIS IS AN AUTOGENERATED FILE. DO NOT EDIT THIS FILE DIRECTLY.
# yarn lockfile v1


"@types/xmldom@^0.1.30":
  version "0.1.30"
  resolved "https://registry.yarnpkg.com/@types/xmldom/-/xmldom-0.1.30.tgz#d36d9a7d64af4693d3b18d5dc02ce432a95be12e"
  integrity sha512-edqgAFXMEtVvaBZ3YnhamvmrHjoYpuxETmnb0lbTZmf/dXpAsO9ZKotUO4K2rn2SIZBDFCMOuA7fOe0H6dRZcA==

typescript@^4.2.3:
  version "4.2.3"
  resolved "https://registry.yarnpkg.com/typescript/-/typescript-4.2.3.tgz#39062d8019912d43726298f09493d598048c1ce3"
  integrity sha512-qOcYwxaByStAWrBf4x0fibwZvMRG+r4cQoTjbPtUlrWjBHbmCAww1i448U0GJ+3cNNEtebDteo/cHOR3xJ4wEw==

xmldom@^0.5.0:
  version "0.5.0"
  resolved "https://registry.yarnpkg.com/xmldom/-/xmldom-0.5.0.tgz#193cb96b84aa3486127ea6272c4596354cb4962e"
  integrity sha512-Foaj5FXVzgn7xFzsKeNIde9g6aFBxTPi37iwsno8QvApmtg7KYrr+OPyRHcJF7dud2a5nGRBXK3n0dL62Gf7PA==
